// !$*UTF8*$!
{
	archiveVersion = 1;
	classes = {
	};
	objectVersion = 52;
	objects = {

/* Begin PBXBuildFile section */
		F396F4452680F3DB00C2EC3E /* WeatherApi in Frameworks */ = {isa = PBXBuildFile; productRef = F396F4442680F3DB00C2EC3E /* WeatherApi */; };
		F396F4472680F9F700C2EC3E /* Current+Api.swift in Sources */ = {isa = PBXBuildFile; fileRef = F396F4462680F9F700C2EC3E /* Current+Api.swift */; };
		F396F4492680FA2900C2EC3E /* ApiService.swift in Sources */ = {isa = PBXBuildFile; fileRef = F396F4482680FA2900C2EC3E /* ApiService.swift */; };
		F396F44D2680FAE600C2EC3E /* Forecast+Api.swift in Sources */ = {isa = PBXBuildFile; fileRef = F396F44C2680FAE600C2EC3E /* Forecast+Api.swift */; };
		F396F44F268108BA00C2EC3E /* Weather+Api.swift in Sources */ = {isa = PBXBuildFile; fileRef = F396F44E268108BA00C2EC3E /* Weather+Api.swift */; };
		F396F4512681105900C2EC3E /* HourView.xib in Resources */ = {isa = PBXBuildFile; fileRef = F396F4502681105900C2EC3E /* HourView.xib */; };
		F396F4532681108D00C2EC3E /* HourView.swift in Sources */ = {isa = PBXBuildFile; fileRef = F396F4522681108D00C2EC3E /* HourView.swift */; };
		F396F455268112EC00C2EC3E /* UIView+Storyboard.swift in Sources */ = {isa = PBXBuildFile; fileRef = F396F454268112EC00C2EC3E /* UIView+Storyboard.swift */; };
		F3BAA49A267A9E0000690DED /* AppDelegate.swift in Sources */ = {isa = PBXBuildFile; fileRef = F3BAA499267A9E0000690DED /* AppDelegate.swift */; };
		F3BAA49C267A9E0000690DED /* SceneDelegate.swift in Sources */ = {isa = PBXBuildFile; fileRef = F3BAA49B267A9E0000690DED /* SceneDelegate.swift */; };
		F3BAA49E267A9E0000690DED /* ViewController.swift in Sources */ = {isa = PBXBuildFile; fileRef = F3BAA49D267A9E0000690DED /* ViewController.swift */; };
		F3BAA4A1267A9E0000690DED /* Main.storyboard in Resources */ = {isa = PBXBuildFile; fileRef = F3BAA49F267A9E0000690DED /* Main.storyboard */; };
		F3BAA4A3267A9E0200690DED /* Assets.xcassets in Resources */ = {isa = PBXBuildFile; fileRef = F3BAA4A2267A9E0200690DED /* Assets.xcassets */; };
		F3BAA4A6267A9E0200690DED /* LaunchScreen.storyboard in Resources */ = {isa = PBXBuildFile; fileRef = F3BAA4A4267A9E0200690DED /* LaunchScreen.storyboard */; };
/* End PBXBuildFile section */

/* Begin PBXFileReference section */
		F396F4432680F3CC00C2EC3E /* weather-api */ = {isa = PBXFileReference; lastKnownFileType = folder; name = "weather-api"; path = "../weather-api"; sourceTree = "<group>"; };
		F396F4462680F9F700C2EC3E /* Current+Api.swift */ = {isa = PBXFileReference; lastKnownFileType = sourcecode.swift; path = "Current+Api.swift"; sourceTree = "<group>"; };
		F396F4482680FA2900C2EC3E /* ApiService.swift */ = {isa = PBXFileReference; lastKnownFileType = sourcecode.swift; path = ApiService.swift; sourceTree = "<group>"; };
		F396F44C2680FAE600C2EC3E /* Forecast+Api.swift */ = {isa = PBXFileReference; lastKnownFileType = sourcecode.swift; path = "Forecast+Api.swift"; sourceTree = "<group>"; };
		F396F44E268108BA00C2EC3E /* Weather+Api.swift */ = {isa = PBXFileReference; lastKnownFileType = sourcecode.swift; path = "Weather+Api.swift"; sourceTree = "<group>"; };
		F396F4502681105900C2EC3E /* HourView.xib */ = {isa = PBXFileReference; lastKnownFileType = file.xib; path = HourView.xib; sourceTree = "<group>"; };
		F396F4522681108D00C2EC3E /* HourView.swift */ = {isa = PBXFileReference; lastKnownFileType = sourcecode.swift; path = HourView.swift; sourceTree = "<group>"; };
		F396F454268112EC00C2EC3E /* UIView+Storyboard.swift */ = {isa = PBXFileReference; lastKnownFileType = sourcecode.swift; path = "UIView+Storyboard.swift"; sourceTree = "<group>"; };
		F3BAA496267A9E0000690DED /* weather-app.app */ = {isa = PBXFileReference; explicitFileType = wrapper.application; includeInIndex = 0; path = "weather-app.app"; sourceTree = BUILT_PRODUCTS_DIR; };
		F3BAA499267A9E0000690DED /* AppDelegate.swift */ = {isa = PBXFileReference; lastKnownFileType = sourcecode.swift; path = AppDelegate.swift; sourceTree = "<group>"; };
		F3BAA49B267A9E0000690DED /* SceneDelegate.swift */ = {isa = PBXFileReference; lastKnownFileType = sourcecode.swift; path = SceneDelegate.swift; sourceTree = "<group>"; };
		F3BAA49D267A9E0000690DED /* ViewController.swift */ = {isa = PBXFileReference; lastKnownFileType = sourcecode.swift; path = ViewController.swift; sourceTree = "<group>"; };
		F3BAA4A0267A9E0000690DED /* Base */ = {isa = PBXFileReference; lastKnownFileType = file.storyboard; name = Base; path = Base.lproj/Main.storyboard; sourceTree = "<group>"; };
		F3BAA4A2267A9E0200690DED /* Assets.xcassets */ = {isa = PBXFileReference; lastKnownFileType = folder.assetcatalog; path = Assets.xcassets; sourceTree = "<group>"; };
		F3BAA4A5267A9E0200690DED /* Base */ = {isa = PBXFileReference; lastKnownFileType = file.storyboard; name = Base; path = Base.lproj/LaunchScreen.storyboard; sourceTree = "<group>"; };
		F3BAA4A7267A9E0200690DED /* Info.plist */ = {isa = PBXFileReference; lastKnownFileType = text.plist.xml; path = Info.plist; sourceTree = "<group>"; };
/* End PBXFileReference section */

/* Begin PBXFrameworksBuildPhase section */
		F3BAA493267A9E0000690DED /* Frameworks */ = {
			isa = PBXFrameworksBuildPhase;
			buildActionMask = 2147483647;
			files = (
				F396F4452680F3DB00C2EC3E /* WeatherApi in Frameworks */,
			);
			runOnlyForDeploymentPostprocessing = 0;
		};
/* End PBXFrameworksBuildPhase section */

/* Begin PBXGroup section */
		F396F44A2680FA2D00C2EC3E /* Services */ = {
			isa = PBXGroup;
			children = (
				F396F4482680FA2900C2EC3E /* ApiService.swift */,
			);
			path = Services;
			sourceTree = "<group>";
		};
		F396F44B2680FAD900C2EC3E /* Extensions */ = {
			isa = PBXGroup;
			children = (
				F396F4462680F9F700C2EC3E /* Current+Api.swift */,
				F396F44C2680FAE600C2EC3E /* Forecast+Api.swift */,
				F396F44E268108BA00C2EC3E /* Weather+Api.swift */,
				F396F454268112EC00C2EC3E /* UIView+Storyboard.swift */,
			);
			path = Extensions;
			sourceTree = "<group>";
		};
		F3BAA48D267A9E0000690DED = {
			isa = PBXGroup;
			children = (
				F396F4432680F3CC00C2EC3E /* weather-api */,
				F3BAA498267A9E0000690DED /* weather-app */,
				F3BAA497267A9E0000690DED /* Products */,
				F3BAA4D6267AA47000690DED /* Frameworks */,
			);
			sourceTree = "<group>";
		};
		F3BAA497267A9E0000690DED /* Products */ = {
			isa = PBXGroup;
			children = (
				F3BAA496267A9E0000690DED /* weather-app.app */,
			);
			name = Products;
			sourceTree = "<group>";
		};
		F3BAA498267A9E0000690DED /* weather-app */ = {
			isa = PBXGroup;
			children = (
				F3BAA499267A9E0000690DED /* AppDelegate.swift */,
				F3BAA49B267A9E0000690DED /* SceneDelegate.swift */,
				F3BAA49D267A9E0000690DED /* ViewController.swift */,
				F3BAA49F267A9E0000690DED /* Main.storyboard */,
				F396F4522681108D00C2EC3E /* HourView.swift */,
				F396F4502681105900C2EC3E /* HourView.xib */,
				F3BAA4A2267A9E0200690DED /* Assets.xcassets */,
				F3BAA4A4267A9E0200690DED /* LaunchScreen.storyboard */,
				F3BAA4A7267A9E0200690DED /* Info.plist */,
				F396F44B2680FAD900C2EC3E /* Extensions */,
				F396F44A2680FA2D00C2EC3E /* Services */,
			);
			path = "weather-app";
			sourceTree = "<group>";
		};
		F3BAA4D6267AA47000690DED /* Frameworks */ = {
			isa = PBXGroup;
			children = (
			);
			name = Frameworks;
			sourceTree = "<group>";
		};
/* End PBXGroup section */

/* Begin PBXNativeTarget section */
		F3BAA495267A9E0000690DED /* weather-app */ = {
			isa = PBXNativeTarget;
			buildConfigurationList = F3BAA4AA267A9E0200690DED /* Build configuration list for PBXNativeTarget "weather-app" */;
			buildPhases = (
				F3BAA492267A9E0000690DED /* Sources */,
				F3BAA493267A9E0000690DED /* Frameworks */,
				F3BAA494267A9E0000690DED /* Resources */,
			);
			buildRules = (
			);
			dependencies = (
			);
			name = "weather-app";
			packageProductDependencies = (
				F396F4442680F3DB00C2EC3E /* WeatherApi */,
			);
			productName = "weather-app";
			productReference = F3BAA496267A9E0000690DED /* weather-app.app */;
			productType = "com.apple.product-type.application";
		};
/* End PBXNativeTarget section */

/* Begin PBXProject section */
		F3BAA48E267A9E0000690DED /* Project object */ = {
			isa = PBXProject;
			attributes = {
				LastSwiftUpdateCheck = 1250;
				LastUpgradeCheck = 1250;
				TargetAttributes = {
					F3BAA495267A9E0000690DED = {
						CreatedOnToolsVersion = 12.5;
					};
				};
			};
			buildConfigurationList = F3BAA491267A9E0000690DED /* Build configuration list for PBXProject "weather-app" */;
			compatibilityVersion = "Xcode 9.3";
			developmentRegion = en;
			hasScannedForEncodings = 0;
			knownRegions = (
				en,
				Base,
			);
			mainGroup = F3BAA48D267A9E0000690DED;
			productRefGroup = F3BAA497267A9E0000690DED /* Products */;
			projectDirPath = "";
			projectRoot = "";
			targets = (
				F3BAA495267A9E0000690DED /* weather-app */,
			);
		};
/* End PBXProject section */

/* Begin PBXResourcesBuildPhase section */
		F3BAA494267A9E0000690DED /* Resources */ = {
			isa = PBXResourcesBuildPhase;
			buildActionMask = 2147483647;
			files = (
				F3BAA4A6267A9E0200690DED /* LaunchScreen.storyboard in Resources */,
				F3BAA4A3267A9E0200690DED /* Assets.xcassets in Resources */,
				F396F4512681105900C2EC3E /* HourView.xib in Resources */,
				F3BAA4A1267A9E0000690DED /* Main.storyboard in Resources */,
			);
			runOnlyForDeploymentPostprocessing = 0;
		};
/* End PBXResourcesBuildPhase section */

/* Begin PBXSourcesBuildPhase section */
		F3BAA492267A9E0000690DED /* Sources */ = {
			isa = PBXSourcesBuildPhase;
			buildActionMask = 2147483647;
			files = (
				F3BAA49E267A9E0000690DED /* ViewController.swift in Sources */,
				F396F4492680FA2900C2EC3E /* ApiService.swift in Sources */,
				F396F4532681108D00C2EC3E /* HourView.swift in Sources */,
				F3BAA49A267A9E0000690DED /* AppDelegate.swift in Sources */,
				F3BAA49C267A9E0000690DED /* SceneDelegate.swift in Sources */,
				F396F44F268108BA00C2EC3E /* Weather+Api.swift in Sources */,
				F396F44D2680FAE600C2EC3E /* Forecast+Api.swift in Sources */,
				F396F455268112EC00C2EC3E /* UIView+Storyboard.swift in Sources */,
				F396F4472680F9F700C2EC3E /* Current+Api.swift in Sources */,
			);
			runOnlyForDeploymentPostprocessing = 0;
		};
/* End PBXSourcesBuildPhase section */

/* Begin PBXVariantGroup section */
		F3BAA49F267A9E0000690DED /* Main.storyboard */ = {
			isa = PBXVariantGroup;
			children = (
				F3BAA4A0267A9E0000690DED /* Base */,
			);
			name = Main.storyboard;
			sourceTree = "<group>";
		};
		F3BAA4A4267A9E0200690DED /* LaunchScreen.storyboard */ = {
			isa = PBXVariantGroup;
			children = (
				F3BAA4A5267A9E0200690DED /* Base */,
			);
			name = LaunchScreen.storyboard;
			sourceTree = "<group>";
		};
/* End PBXVariantGroup section */

/* Begin XCBuildConfiguration section */
		F3BAA4A8267A9E0200690DED /* Debug */ = {
			isa = XCBuildConfiguration;
			buildSettings = {
				ALWAYS_SEARCH_USER_PATHS = NO;
				CLANG_ANALYZER_NONNULL = YES;
				CLANG_ANALYZER_NUMBER_OBJECT_CONVERSION = YES_AGGRESSIVE;
				CLANG_CXX_LANGUAGE_STANDARD = "gnu++14";
				CLANG_CXX_LIBRARY = "libc++";
				CLANG_ENABLE_MODULES = YES;
				CLANG_ENABLE_OBJC_ARC = YES;
				CLANG_ENABLE_OBJC_WEAK = YES;
				CLANG_WARN_BLOCK_CAPTURE_AUTORELEASING = YES;
				CLANG_WARN_BOOL_CONVERSION = YES;
				CLANG_WARN_COMMA = YES;
				CLANG_WARN_CONSTANT_CONVERSION = YES;
				CLANG_WARN_DEPRECATED_OBJC_IMPLEMENTATIONS = YES;
				CLANG_WARN_DIRECT_OBJC_ISA_USAGE = YES_ERROR;
				CLANG_WARN_DOCUMENTATION_COMMENTS = YES;
				CLANG_WARN_EMPTY_BODY = YES;
				CLANG_WARN_ENUM_CONVERSION = YES;
				CLANG_WARN_INFINITE_RECURSION = YES;
				CLANG_WARN_INT_CONVERSION = YES;
				CLANG_WARN_NON_LITERAL_NULL_CONVERSION = YES;
				CLANG_WARN_OBJC_IMPLICIT_RETAIN_SELF = YES;
				CLANG_WARN_OBJC_LITERAL_CONVERSION = YES;
				CLANG_WARN_OBJC_ROOT_CLASS = YES_ERROR;
				CLANG_WARN_QUOTED_INCLUDE_IN_FRAMEWORK_HEADER = YES;
				CLANG_WARN_RANGE_LOOP_ANALYSIS = YES;
				CLANG_WARN_STRICT_PROTOTYPES = YES;
				CLANG_WARN_SUSPICIOUS_MOVE = YES;
				CLANG_WARN_UNGUARDED_AVAILABILITY = YES_AGGRESSIVE;
				CLANG_WARN_UNREACHABLE_CODE = YES;
				CLANG_WARN__DUPLICATE_METHOD_MATCH = YES;
				COPY_PHASE_STRIP = NO;
				DEBUG_INFORMATION_FORMAT = dwarf;
				ENABLE_STRICT_OBJC_MSGSEND = YES;
				ENABLE_TESTABILITY = YES;
				GCC_C_LANGUAGE_STANDARD = gnu11;
				GCC_DYNAMIC_NO_PIC = NO;
				GCC_NO_COMMON_BLOCKS = YES;
				GCC_OPTIMIZATION_LEVEL = 0;
				GCC_PREPROCESSOR_DEFINITIONS = (
					"DEBUG=1",
					"$(inherited)",
				);
				GCC_WARN_64_TO_32_BIT_CONVERSION = YES;
				GCC_WARN_ABOUT_RETURN_TYPE = YES_ERROR;
				GCC_WARN_UNDECLARED_SELECTOR = YES;
				GCC_WARN_UNINITIALIZED_AUTOS = YES_AGGRESSIVE;
				GCC_WARN_UNUSED_FUNCTION = YES;
				GCC_WARN_UNUSED_VARIABLE = YES;
				IPHONEOS_DEPLOYMENT_TARGET = 14.5;
				MTL_ENABLE_DEBUG_INFO = INCLUDE_SOURCE;
				MTL_FAST_MATH = YES;
				ONLY_ACTIVE_ARCH = YES;
				SDKROOT = iphoneos;
				SWIFT_ACTIVE_COMPILATION_CONDITIONS = DEBUG;
				SWIFT_OPTIMIZATION_LEVEL = "-Onone";
			};
			name = Debug;
		};
		F3BAA4A9267A9E0200690DED /* Release */ = {
			isa = XCBuildConfiguration;
			buildSettings = {
				ALWAYS_SEARCH_USER_PATHS = NO;
				CLANG_ANALYZER_NONNULL = YES;
				CLANG_ANALYZER_NUMBER_OBJECT_CONVERSION = YES_AGGRESSIVE;
				CLANG_CXX_LANGUAGE_STANDARD = "gnu++14";
				CLANG_CXX_LIBRARY = "libc++";
				CLANG_ENABLE_MODULES = YES;
				CLANG_ENABLE_OBJC_ARC = YES;
				CLANG_ENABLE_OBJC_WEAK = YES;
				CLANG_WARN_BLOCK_CAPTURE_AUTORELEASING = YES;
				CLANG_WARN_BOOL_CONVERSION = YES;
				CLANG_WARN_COMMA = YES;
				CLANG_WARN_CONSTANT_CONVERSION = YES;
				CLANG_WARN_DEPRECATED_OBJC_IMPLEMENTATIONS = YES;
				CLANG_WARN_DIRECT_OBJC_ISA_USAGE = YES_ERROR;
				CLANG_WARN_DOCUMENTATION_COMMENTS = YES;
				CLANG_WARN_EMPTY_BODY = YES;
				CLANG_WARN_ENUM_CONVERSION = YES;
				CLANG_WARN_INFINITE_RECURSION = YES;
				CLANG_WARN_INT_CONVERSION = YES;
				CLANG_WARN_NON_LITERAL_NULL_CONVERSION = YES;
				CLANG_WARN_OBJC_IMPLICIT_RETAIN_SELF = YES;
				CLANG_WARN_OBJC_LITERAL_CONVERSION = YES;
				CLANG_WARN_OBJC_ROOT_CLASS = YES_ERROR;
				CLANG_WARN_QUOTED_INCLUDE_IN_FRAMEWORK_HEADER = YES;
				CLANG_WARN_RANGE_LOOP_ANALYSIS = YES;
				CLANG_WARN_STRICT_PROTOTYPES = YES;
				CLANG_WARN_SUSPICIOUS_MOVE = YES;
				CLANG_WARN_UNGUARDED_AVAILABILITY = YES_AGGRESSIVE;
				CLANG_WARN_UNREACHABLE_CODE = YES;
				CLANG_WARN__DUPLICATE_METHOD_MATCH = YES;
				COPY_PHASE_STRIP = NO;
				DEBUG_INFORMATION_FORMAT = "dwarf-with-dsym";
				ENABLE_NS_ASSERTIONS = NO;
				ENABLE_STRICT_OBJC_MSGSEND = YES;
				GCC_C_LANGUAGE_STANDARD = gnu11;
				GCC_NO_COMMON_BLOCKS = YES;
				GCC_WARN_64_TO_32_BIT_CONVERSION = YES;
				GCC_WARN_ABOUT_RETURN_TYPE = YES_ERROR;
				GCC_WARN_UNDECLARED_SELECTOR = YES;
				GCC_WARN_UNINITIALIZED_AUTOS = YES_AGGRESSIVE;
				GCC_WARN_UNUSED_FUNCTION = YES;
				GCC_WARN_UNUSED_VARIABLE = YES;
				IPHONEOS_DEPLOYMENT_TARGET = 14.5;
				MTL_ENABLE_DEBUG_INFO = NO;
				MTL_FAST_MATH = YES;
				SDKROOT = iphoneos;
				SWIFT_COMPILATION_MODE = wholemodule;
				SWIFT_OPTIMIZATION_LEVEL = "-O";
				VALIDATE_PRODUCT = YES;
			};
			name = Release;
		};
		F3BAA4AB267A9E0200690DED /* Debug */ = {
			isa = XCBuildConfiguration;
			buildSettings = {
				ASSETCATALOG_COMPILER_APPICON_NAME = AppIcon;
				ASSETCATALOG_COMPILER_GLOBAL_ACCENT_COLOR_NAME = AccentColor;
				CODE_SIGN_STYLE = Automatic;
				INFOPLIST_FILE = "weather-app/Info.plist";
				LD_RUNPATH_SEARCH_PATHS = (
					"$(inherited)",
					"@executable_path/Frameworks",
				);
				PRODUCT_BUNDLE_IDENTIFIER = "com.mlg.weather-app";
				PRODUCT_NAME = "$(TARGET_NAME)";
				SWIFT_VERSION = 5.0;
				TARGETED_DEVICE_FAMILY = "1,2";
			};
			name = Debug;
		};
		F3BAA4AC267A9E0200690DED /* Release */ = {
			isa = XCBuildConfiguration;
			buildSettings = {
				ASSETCATALOG_COMPILER_APPICON_NAME = AppIcon;
				ASSETCATALOG_COMPILER_GLOBAL_ACCENT_COLOR_NAME = AccentColor;
				CODE_SIGN_STYLE = Automatic;
				INFOPLIST_FILE = "weather-app/Info.plist";
				LD_RUNPATH_SEARCH_PATHS = (
					"$(inherited)",
					"@executable_path/Frameworks",
				);
				PRODUCT_BUNDLE_IDENTIFIER = "com.mlg.weather-app";
				PRODUCT_NAME = "$(TARGET_NAME)";
				SWIFT_VERSION = 5.0;
				TARGETED_DEVICE_FAMILY = "1,2";
			};
			name = Release;
		};
/* End XCBuildConfiguration section */

/* Begin XCConfigurationList section */
		F3BAA491267A9E0000690DED /* Build configuration list for PBXProject "weather-app" */ = {
			isa = XCConfigurationList;
			buildConfigurations = (
				F3BAA4A8267A9E0200690DED /* Debug */,
				F3BAA4A9267A9E0200690DED /* Release */,
			);
			defaultConfigurationIsVisible = 0;
			defaultConfigurationName = Release;
		};
		F3BAA4AA267A9E0200690DED /* Build configuration list for PBXNativeTarget "weather-app" */ = {
			isa = XCConfigurationList;
			buildConfigurations = (
				F3BAA4AB267A9E0200690DED /* Debug */,
				F3BAA4AC267A9E0200690DED /* Release */,
			);
			defaultConfigurationIsVisible = 0;
			defaultConfigurationName = Release;
		};
/* End XCConfigurationList section */

/* Begin XCSwiftPackageProductDependency section */
		F396F4442680F3DB00C2EC3E /* WeatherApi */ = {
			isa = XCSwiftPackageProductDependency;
			productName = WeatherApi;
		};
/* End XCSwiftPackageProductDependency section */
	};
	rootObject = F3BAA48E267A9E0000690DED /* Project object */;
}
